
Microsoft Visual Studio Solution File, Format Version 12.00
# Visual Studio Version 17
VisualStudioVersion = 17.3.32901.215
MinimumVisualStudioVersion = 10.0.40219.1
Project("{FAE04EC0-301F-11D3-BF4B-00C04F79EFBC}") = "vjezbanje1", "vjezbanje1\vjezbanje1.csproj", "{1CB23546-DF9B-4239-8E6B-BEB554BC7897}"
EndProject
Global
	GlobalSection(SolutionConfigurationPlatforms) = preSolution
		Debug|Any CPU = Debug|Any CPU
		Release|Any CPU = Release|Any CPU
	EndGlobalSection
	GlobalSection(ProjectConfigurationPlatforms) = postSolution
		{1CB23546-DF9B-4239-8E6B-BEB554BC7897}.Debug|Any CPU.ActiveCfg = Debug|Any CPU
		{1CB23546-DF9B-4239-8E6B-BEB554BC7897}.Debug|Any CPU.Build.0 = Debug|Any CPU
		{1CB23546-DF9B-4239-8E6B-BEB554BC7897}.Release|Any CPU.ActiveCfg = Release|Any CPU
		{1CB23546-DF9B-4239-8E6B-BEB554BC7897}.Release|Any CPU.Build.0 = Release|Any CPU
	EndGlobalSection
	GlobalSection(SolutionProperties) = preSolution
		HideSolutionNode = FALSE
	EndGlobalSection
	GlobalSection(ExtensibilityGlobals) = postSolution
		SolutionGuid = {21545E06-583F-4934-8AC1-7996DE7A94FF}
	EndGlobalSection
EndGlobal
